
Microsoft Visual Studio Solution File, Format Version 12.00
# Visual Studio Version 16
VisualStudioVersion = 16.0.30104.148
MinimumVisualStudioVersion = 10.0.40219.1
Project("{FAE04EC0-301F-11D3-BF4B-00C04F79EFBC}") = "215Labs2020", "215Labs2020\215Labs2020.csproj", "{D3019090-5292-4924-AD09-4CB4750AA526}"
EndProject
Global
	GlobalSection(SolutionConfigurationPlatforms) = preSolution
		Debug|Any CPU = Debug|Any CPU
		Release|Any CPU = Release|Any CPU
	EndGlobalSection
	GlobalSection(ProjectConfigurationPlatforms) = postSolution
		{D3019090-5292-4924-AD09-4CB4750AA526}.Debug|Any CPU.ActiveCfg = Debug|Any CPU
		{D3019090-5292-4924-AD09-4CB4750AA526}.Debug|Any CPU.Build.0 = Debug|Any CPU
		{D3019090-5292-4924-AD09-4CB4750AA526}.Release|Any CPU.ActiveCfg = Release|Any CPU
		{D3019090-5292-4924-AD09-4CB4750AA526}.Release|Any CPU.Build.0 = Release|Any CPU
	EndGlobalSection
	GlobalSection(SolutionProperties) = preSolution
		HideSolutionNode = FALSE
	EndGlobalSection
	GlobalSection(ExtensibilityGlobals) = postSolution
		SolutionGuid = {28A76DF6-F2D5-4D26-86B4-1B1339BBA27A}
	EndGlobalSection
EndGlobal
