
Microsoft Visual Studio Solution File, Format Version 12.00
# Visual Studio Version 16
VisualStudioVersion = 16.0.30907.101
MinimumVisualStudioVersion = 10.0.40219.1
Project("{FAE04EC0-301F-11D3-BF4B-00C04F79EFBC}") = "bank", "bank\bank.csproj", "{BF0DDB21-3A9C-4ACF-9B99-B07CE65DFCBC}"
EndProject
Global
	GlobalSection(SolutionConfigurationPlatforms) = preSolution
		Debug|Any CPU = Debug|Any CPU
		Release|Any CPU = Release|Any CPU
	EndGlobalSection
	GlobalSection(ProjectConfigurationPlatforms) = postSolution
		{BF0DDB21-3A9C-4ACF-9B99-B07CE65DFCBC}.Debug|Any CPU.ActiveCfg = Debug|Any CPU
		{BF0DDB21-3A9C-4ACF-9B99-B07CE65DFCBC}.Debug|Any CPU.Build.0 = Debug|Any CPU
		{BF0DDB21-3A9C-4ACF-9B99-B07CE65DFCBC}.Release|Any CPU.ActiveCfg = Release|Any CPU
		{BF0DDB21-3A9C-4ACF-9B99-B07CE65DFCBC}.Release|Any CPU.Build.0 = Release|Any CPU
	EndGlobalSection
	GlobalSection(SolutionProperties) = preSolution
		HideSolutionNode = FALSE
	EndGlobalSection
	GlobalSection(ExtensibilityGlobals) = postSolution
		SolutionGuid = {341A99AA-DE6A-4D6A-92F2-5E7BE5A2E668}
	EndGlobalSection
EndGlobal
