
Microsoft Visual Studio Solution File, Format Version 12.00
# Visual Studio Version 16
VisualStudioVersion = 16.0.30104.148
MinimumVisualStudioVersion = 10.0.40219.1
Project("{9A19103F-16F7-4668-BE54-9A1E7A4F7556}") = "Labs215Y2K", "Labs215Y2K\Labs215Y2K.csproj", "{AD53A66D-0768-498D-AAAD-A3B9765FB35C}"
EndProject
Project("{FAE04EC0-301F-11D3-BF4B-00C04F79EFBC}") = "GAME", "GAME\GAME.csproj", "{FA1B81B7-F675-49CF-904D-1FC3BEDDCCEA}"
EndProject
Project("{9A19103F-16F7-4668-BE54-9A1E7A4F7556}") = "Bank", "Bank\Bank.csproj", "{086650D3-4B83-4F7B-8173-857CBEE9057E}"
EndProject
Project("{9A19103F-16F7-4668-BE54-9A1E7A4F7556}") = "ListsBank", "ListsBank\ListsBank.csproj", "{2810AD5E-4285-467B-95CD-934B785A05DD}"
EndProject
Project("{FAE04EC0-301F-11D3-BF4B-00C04F79EFBC}") = "Game_2", "Game_2\Game_2.csproj", "{DB019ADB-E86B-4862-B1CA-8C9D5CF1DA77}"
EndProject
Global
	GlobalSection(SolutionConfigurationPlatforms) = preSolution
		Debug|Any CPU = Debug|Any CPU
		Release|Any CPU = Release|Any CPU
	EndGlobalSection
	GlobalSection(ProjectConfigurationPlatforms) = postSolution
		{AD53A66D-0768-498D-AAAD-A3B9765FB35C}.Debug|Any CPU.ActiveCfg = Debug|Any CPU
		{AD53A66D-0768-498D-AAAD-A3B9765FB35C}.Debug|Any CPU.Build.0 = Debug|Any CPU
		{AD53A66D-0768-498D-AAAD-A3B9765FB35C}.Release|Any CPU.ActiveCfg = Release|Any CPU
		{AD53A66D-0768-498D-AAAD-A3B9765FB35C}.Release|Any CPU.Build.0 = Release|Any CPU
		{FA1B81B7-F675-49CF-904D-1FC3BEDDCCEA}.Debug|Any CPU.ActiveCfg = Debug|Any CPU
		{FA1B81B7-F675-49CF-904D-1FC3BEDDCCEA}.Debug|Any CPU.Build.0 = Debug|Any CPU
		{FA1B81B7-F675-49CF-904D-1FC3BEDDCCEA}.Release|Any CPU.ActiveCfg = Release|Any CPU
		{FA1B81B7-F675-49CF-904D-1FC3BEDDCCEA}.Release|Any CPU.Build.0 = Release|Any CPU
		{086650D3-4B83-4F7B-8173-857CBEE9057E}.Debug|Any CPU.ActiveCfg = Debug|Any CPU
		{086650D3-4B83-4F7B-8173-857CBEE9057E}.Debug|Any CPU.Build.0 = Debug|Any CPU
		{086650D3-4B83-4F7B-8173-857CBEE9057E}.Release|Any CPU.ActiveCfg = Release|Any CPU
		{086650D3-4B83-4F7B-8173-857CBEE9057E}.Release|Any CPU.Build.0 = Release|Any CPU
		{2810AD5E-4285-467B-95CD-934B785A05DD}.Debug|Any CPU.ActiveCfg = Debug|Any CPU
		{2810AD5E-4285-467B-95CD-934B785A05DD}.Debug|Any CPU.Build.0 = Debug|Any CPU
		{2810AD5E-4285-467B-95CD-934B785A05DD}.Release|Any CPU.ActiveCfg = Release|Any CPU
		{2810AD5E-4285-467B-95CD-934B785A05DD}.Release|Any CPU.Build.0 = Release|Any CPU
		{DB019ADB-E86B-4862-B1CA-8C9D5CF1DA77}.Debug|Any CPU.ActiveCfg = Debug|Any CPU
		{DB019ADB-E86B-4862-B1CA-8C9D5CF1DA77}.Debug|Any CPU.Build.0 = Debug|Any CPU
		{DB019ADB-E86B-4862-B1CA-8C9D5CF1DA77}.Release|Any CPU.ActiveCfg = Release|Any CPU
		{DB019ADB-E86B-4862-B1CA-8C9D5CF1DA77}.Release|Any CPU.Build.0 = Release|Any CPU
	EndGlobalSection
	GlobalSection(SolutionProperties) = preSolution
		HideSolutionNode = FALSE
	EndGlobalSection
	GlobalSection(ExtensibilityGlobals) = postSolution
		SolutionGuid = {3E5EC05D-1C53-4016-9823-812A0DEB429D}
	EndGlobalSection
EndGlobal
