
Microsoft Visual Studio Solution File, Format Version 12.00
# Visual Studio Version 16
VisualStudioVersion = 16.0.31729.503
MinimumVisualStudioVersion = 10.0.40219.1
Project("{FAE04EC0-301F-11D3-BF4B-00C04F79EFBC}") = "WpfApp3", "WpfApp3\WpfApp3.csproj", "{2B9081B5-99A0-4B57-9841-46A9418E1FAF}"
EndProject
Global
	GlobalSection(SolutionConfigurationPlatforms) = preSolution
		Debug|Any CPU = Debug|Any CPU
		Release|Any CPU = Release|Any CPU
	EndGlobalSection
	GlobalSection(ProjectConfigurationPlatforms) = postSolution
		{2B9081B5-99A0-4B57-9841-46A9418E1FAF}.Debug|Any CPU.ActiveCfg = Debug|Any CPU
		{2B9081B5-99A0-4B57-9841-46A9418E1FAF}.Debug|Any CPU.Build.0 = Debug|Any CPU
		{2B9081B5-99A0-4B57-9841-46A9418E1FAF}.Release|Any CPU.ActiveCfg = Release|Any CPU
		{2B9081B5-99A0-4B57-9841-46A9418E1FAF}.Release|Any CPU.Build.0 = Release|Any CPU
	EndGlobalSection
	GlobalSection(SolutionProperties) = preSolution
		HideSolutionNode = FALSE
	EndGlobalSection
	GlobalSection(ExtensibilityGlobals) = postSolution
		SolutionGuid = {95A2D03B-E246-4FB1-8565-418B92329AAF}
	EndGlobalSection
EndGlobal
