
Microsoft Visual Studio Solution File, Format Version 12.00
# Visual Studio Version 17
VisualStudioVersion = 17.1.32210.238
MinimumVisualStudioVersion = 10.0.40219.1
Project("{FAE04EC0-301F-11D3-BF4B-00C04F79EFBC}") = "ForDataBase", "ForDataBase\ForDataBase.csproj", "{1A07155B-2E13-4971-8F34-39AA7A805E74}"
EndProject
Global
	GlobalSection(SolutionConfigurationPlatforms) = preSolution
		Debug|Any CPU = Debug|Any CPU
		Release|Any CPU = Release|Any CPU
	EndGlobalSection
	GlobalSection(ProjectConfigurationPlatforms) = postSolution
		{1A07155B-2E13-4971-8F34-39AA7A805E74}.Debug|Any CPU.ActiveCfg = Debug|Any CPU
		{1A07155B-2E13-4971-8F34-39AA7A805E74}.Debug|Any CPU.Build.0 = Debug|Any CPU
		{1A07155B-2E13-4971-8F34-39AA7A805E74}.Release|Any CPU.ActiveCfg = Release|Any CPU
		{1A07155B-2E13-4971-8F34-39AA7A805E74}.Release|Any CPU.Build.0 = Release|Any CPU
	EndGlobalSection
	GlobalSection(SolutionProperties) = preSolution
		HideSolutionNode = FALSE
	EndGlobalSection
	GlobalSection(ExtensibilityGlobals) = postSolution
		SolutionGuid = {1A6E6D89-A207-4647-9658-BE02811F8739}
	EndGlobalSection
EndGlobal
